<?xml version="1.0" encoding="utf-8"?>
<Project ToolsVersion="17.0" xmlns="http://schemas.microsoft.com/developer/msbuild/2003">
  <ItemGroup>
    <ClCompile Include="C:\Users\main\CLionProjects\Java-UEF\native\src\Uef.cpp">
      <Filter>Source Files</Filter>
    </ClCompile>
  </ItemGroup>
  <ItemGroup>
    <CustomBuild Include="C:\Users\main\CLionProjects\Java-UEF\CMakeLists.txt" />
  </ItemGroup>
  <ItemGroup>
    <Filter Include="Source Files">
      <UniqueIdentifier>{CE3F7C36-D48F-3858-93E7-FF53B8FC398D}</UniqueIdentifier>
    </Filter>
  </ItemGroup>
</Project>
