
Microsoft Visual Studio Solution File, Format Version 12.00
# Visual Studio Version 17
Project("{8BC9CEB8-8B4A-11D0-8D11-00A0C91BC942}") = "ALL_BUILD", "ALL_BUILD.vcxproj", "{93FEEA86-2680-35E6-A1D6-4D8A48EB66ED}"
	ProjectSection(ProjectDependencies) = postProject
		{A50400CF-D7DB-3866-B8DA-94E8CD7F906B} = {A50400CF-D7DB-3866-B8DA-94E8CD7F906B}
		{C8D88B11-F5DC-3303-9F43-8AB2675D09D1} = {C8D88B11-F5DC-3303-9F43-8AB2675D09D1}
	EndProjectSection
EndProject
Project("{8BC9CEB8-8B4A-11D0-8D11-00A0C91BC942}") = "Uef", "Uef.vcxproj", "{A50400CF-D7DB-3866-B8DA-94E8CD7F906B}"
	ProjectSection(ProjectDependencies) = postProject
		{C8D88B11-F5DC-3303-9F43-8AB2675D09D1} = {C8D88B11-F5DC-3303-9F43-8AB2675D09D1}
	EndProjectSection
EndProject
Project("{8BC9CEB8-8B4A-11D0-8D11-00A0C91BC942}") = "ZERO_CHECK", "ZERO_CHECK.vcxproj", "{C8D88B11-F5DC-3303-9F43-8AB2675D09D1}"
	ProjectSection(ProjectDependencies) = postProject
	EndProjectSection
EndProject
Global
	GlobalSection(SolutionConfigurationPlatforms) = preSolution
		Debug|x64 = Debug|x64
		Release|x64 = Release|x64
		MinSizeRel|x64 = MinSizeRel|x64
		RelWithDebInfo|x64 = RelWithDebInfo|x64
	EndGlobalSection
	GlobalSection(ProjectConfigurationPlatforms) = postSolution
		{93FEEA86-2680-35E6-A1D6-4D8A48EB66ED}.Debug|x64.ActiveCfg = Debug|x64
		{93FEEA86-2680-35E6-A1D6-4D8A48EB66ED}.Release|x64.ActiveCfg = Release|x64
		{93FEEA86-2680-35E6-A1D6-4D8A48EB66ED}.MinSizeRel|x64.ActiveCfg = MinSizeRel|x64
		{93FEEA86-2680-35E6-A1D6-4D8A48EB66ED}.RelWithDebInfo|x64.ActiveCfg = RelWithDebInfo|x64
		{A50400CF-D7DB-3866-B8DA-94E8CD7F906B}.Debug|x64.ActiveCfg = Debug|x64
		{A50400CF-D7DB-3866-B8DA-94E8CD7F906B}.Debug|x64.Build.0 = Debug|x64
		{A50400CF-D7DB-3866-B8DA-94E8CD7F906B}.Release|x64.ActiveCfg = Release|x64
		{A50400CF-D7DB-3866-B8DA-94E8CD7F906B}.Release|x64.Build.0 = Release|x64
		{A50400CF-D7DB-3866-B8DA-94E8CD7F906B}.MinSizeRel|x64.ActiveCfg = MinSizeRel|x64
		{A50400CF-D7DB-3866-B8DA-94E8CD7F906B}.MinSizeRel|x64.Build.0 = MinSizeRel|x64
		{A50400CF-D7DB-3866-B8DA-94E8CD7F906B}.RelWithDebInfo|x64.ActiveCfg = RelWithDebInfo|x64
		{A50400CF-D7DB-3866-B8DA-94E8CD7F906B}.RelWithDebInfo|x64.Build.0 = RelWithDebInfo|x64
		{C8D88B11-F5DC-3303-9F43-8AB2675D09D1}.Debug|x64.ActiveCfg = Debug|x64
		{C8D88B11-F5DC-3303-9F43-8AB2675D09D1}.Debug|x64.Build.0 = Debug|x64
		{C8D88B11-F5DC-3303-9F43-8AB2675D09D1}.Release|x64.ActiveCfg = Release|x64
		{C8D88B11-F5DC-3303-9F43-8AB2675D09D1}.Release|x64.Build.0 = Release|x64
		{C8D88B11-F5DC-3303-9F43-8AB2675D09D1}.MinSizeRel|x64.ActiveCfg = MinSizeRel|x64
		{C8D88B11-F5DC-3303-9F43-8AB2675D09D1}.MinSizeRel|x64.Build.0 = MinSizeRel|x64
		{C8D88B11-F5DC-3303-9F43-8AB2675D09D1}.RelWithDebInfo|x64.ActiveCfg = RelWithDebInfo|x64
		{C8D88B11-F5DC-3303-9F43-8AB2675D09D1}.RelWithDebInfo|x64.Build.0 = RelWithDebInfo|x64
	EndGlobalSection
	GlobalSection(ExtensibilityGlobals) = postSolution
		SolutionGuid = {73B4B26B-993F-3DAA-B18D-0FD930AF297D}
	EndGlobalSection
	GlobalSection(ExtensibilityAddIns) = postSolution
	EndGlobalSection
EndGlobal
